{
  "name": "exec_env",
  "version": "1.0.0",
  "lockfileVersion": 1,
  "requires": true,
  "dependencies": {
    "@types/node": {
      "version": "10.12.9",
      "resolved": "https://registry.npmjs.org/@types/node/-/node-10.12.9.tgz",
      "integrity": "sha512-eajkMXG812/w3w4a1OcBlaTwsFPO5F7fJ/amy+tieQxEMWBlbV1JGSjkFM+zkHNf81Cad+dfIRA+IBkvmvdAeA=="
    },
    "ts-toolbelt": {
      "version": "2.1.5",
      "resolved": "https://registry.npmjs.org/ts-toolbelt/-/ts-toolbelt-2.1.5.tgz",
      "integrity": "sha512-lkusd8PwfZWvxeRNni7xGfgSlujeO9z1YmOLT1ENMuPinNppk5Yg8ZQzbG5Phb+uqaBMpYSvW4UXDKfrXoL0yA=="
    },
    "typescript": {
      "version": "3.2.1",
      "resolved": "https://registry.npmjs.org/typescript/-/typescript-3.2.1.tgz",
      "integrity": "sha512-jw7P2z/h6aPT4AENXDGjcfHTu5CSqzsbZc6YlUIebTyBAq8XaKp78x7VcSh30xwSCcsu5irZkYZUSFP1MrAMbg=="
    }
  }
}
